
Microsoft Visual Studio Solution File, Format Version 12.00
# Visual Studio Version 17
VisualStudioVersion = 17.5.002.0
MinimumVisualStudioVersion = 10.0.40219.1
Project("{9A19103F-16F7-4668-BE54-9A1E7A4F7556}") = "Parcial_Progra", "Parcial_Progra.csproj", "{4F82A485-25DC-46CD-ACBB-CCB0F1C7A3A3}"
EndProject
Global
	GlobalSection(SolutionConfigurationPlatforms) = preSolution
		Debug|Any CPU = Debug|Any CPU
		Release|Any CPU = Release|Any CPU
	EndGlobalSection
	GlobalSection(ProjectConfigurationPlatforms) = postSolution
		{4F82A485-25DC-46CD-ACBB-CCB0F1C7A3A3}.Debug|Any CPU.ActiveCfg = Debug|Any CPU
		{4F82A485-25DC-46CD-ACBB-CCB0F1C7A3A3}.Debug|Any CPU.Build.0 = Debug|Any CPU
		{4F82A485-25DC-46CD-ACBB-CCB0F1C7A3A3}.Release|Any CPU.ActiveCfg = Release|Any CPU
		{4F82A485-25DC-46CD-ACBB-CCB0F1C7A3A3}.Release|Any CPU.Build.0 = Release|Any CPU
	EndGlobalSection
	GlobalSection(SolutionProperties) = preSolution
		HideSolutionNode = FALSE
	EndGlobalSection
	GlobalSection(ExtensibilityGlobals) = postSolution
		SolutionGuid = {0E84A930-20A7-42EE-8F3D-0EC071EB16A4}
	EndGlobalSection
EndGlobal
